
Microsoft Visual Studio Solution File, Format Version 12.00
Project("{FAE04EC0-301F-11D3-BF4B-00C04F79EFBC}") = "ConsoleAppActivity41", "ConsoleAppActivity41\ConsoleAppActivity41.csproj", "{DD8846C0-3204-4B20-9301-EA07715AD507}"
EndProject
Project("{FAE04EC0-301F-11D3-BF4B-00C04F79EFBC}") = "ConsoleAppProj52", "ConsoleAppProj52\ConsoleAppProj52.csproj", "{C0AE998A-9A55-4D0D-B547-98A9DF4F7361}"
EndProject
Global
	GlobalSection(SolutionConfigurationPlatforms) = preSolution
		Debug|Any CPU = Debug|Any CPU
		Release|Any CPU = Release|Any CPU
	EndGlobalSection
	GlobalSection(ProjectConfigurationPlatforms) = postSolution
		{DD8846C0-3204-4B20-9301-EA07715AD507}.Debug|Any CPU.ActiveCfg = Debug|Any CPU
		{DD8846C0-3204-4B20-9301-EA07715AD507}.Debug|Any CPU.Build.0 = Debug|Any CPU
		{DD8846C0-3204-4B20-9301-EA07715AD507}.Release|Any CPU.ActiveCfg = Release|Any CPU
		{DD8846C0-3204-4B20-9301-EA07715AD507}.Release|Any CPU.Build.0 = Release|Any CPU
		{C0AE998A-9A55-4D0D-B547-98A9DF4F7361}.Debug|Any CPU.ActiveCfg = Debug|Any CPU
		{C0AE998A-9A55-4D0D-B547-98A9DF4F7361}.Debug|Any CPU.Build.0 = Debug|Any CPU
		{C0AE998A-9A55-4D0D-B547-98A9DF4F7361}.Release|Any CPU.ActiveCfg = Release|Any CPU
		{C0AE998A-9A55-4D0D-B547-98A9DF4F7361}.Release|Any CPU.Build.0 = Release|Any CPU
	EndGlobalSection
EndGlobal
