
Microsoft Visual Studio Solution File, Format Version 12.00
# Visual Studio Version 17
VisualStudioVersion = 17.8.34330.188
MinimumVisualStudioVersion = 10.0.40219.1
Project("{FAE04EC0-301F-11D3-BF4B-00C04F79EFBC}") = "WinFormsAppBD", "WinFormsAppBD\WinFormsAppBD.csproj", "{4FBECF36-5E27-40F4-B763-4663C2E3FBA1}"
EndProject
Global
	GlobalSection(SolutionConfigurationPlatforms) = preSolution
		Debug|Any CPU = Debug|Any CPU
		Release|Any CPU = Release|Any CPU
	EndGlobalSection
	GlobalSection(ProjectConfigurationPlatforms) = postSolution
		{4FBECF36-5E27-40F4-B763-4663C2E3FBA1}.Debug|Any CPU.ActiveCfg = Debug|Any CPU
		{4FBECF36-5E27-40F4-B763-4663C2E3FBA1}.Debug|Any CPU.Build.0 = Debug|Any CPU
		{4FBECF36-5E27-40F4-B763-4663C2E3FBA1}.Release|Any CPU.ActiveCfg = Release|Any CPU
		{4FBECF36-5E27-40F4-B763-4663C2E3FBA1}.Release|Any CPU.Build.0 = Release|Any CPU
	EndGlobalSection
	GlobalSection(SolutionProperties) = preSolution
		HideSolutionNode = FALSE
	EndGlobalSection
	GlobalSection(ExtensibilityGlobals) = postSolution
		SolutionGuid = {4BCACE2C-7C26-4610-B544-3744B9D5E10D}
	EndGlobalSection
EndGlobal
